// !$*UTF8*$!
{
	archiveVersion = 1;
	classes = {
	};
	objectVersion = 46;
	objects = {

/* Begin PBXBuildFile section */
		6731D63B32AE150390957CB5 /* Pods_unisportAPP.framework in Frameworks */ = {isa = PBXBuildFile; fileRef = 6E44E5962E565C1353426F02 /* Pods_unisportAPP.framework */; };
		9C462FD41D37BBD700DD0AF5 /* ProductViewController.swift in Sources */ = {isa = PBXBuildFile; fileRef = 9C462FD31D37BBD700DD0AF5 /* ProductViewController.swift */; };
		9C4960C81D3677560048DC2C /* ShopTableViewController.swift in Sources */ = {isa = PBXBuildFile; fileRef = 9C4960C71D3677560048DC2C /* ShopTableViewController.swift */; };
		9C4960CA1D36779B0048DC2C /* ShopTableViewCell.swift in Sources */ = {isa = PBXBuildFile; fileRef = 9C4960C91D36779B0048DC2C /* ShopTableViewCell.swift */; };
		9C4F00181D36E88C004E6F5D /* SwiftyJSON.framework in Frameworks */ = {isa = PBXBuildFile; fileRef = 9C4960C31D3660460048DC2C /* SwiftyJSON.framework */; };
		9CA018781D3652E100477466 /* AppDelegate.swift in Sources */ = {isa = PBXBuildFile; fileRef = 9CA018771D3652E100477466 /* AppDelegate.swift */; };
		9CA0187D1D3652E100477466 /* Main.storyboard in Resources */ = {isa = PBXBuildFile; fileRef = 9CA0187B1D3652E100477466 /* Main.storyboard */; };
		9CA018801D3652E200477466 /* unisportAPP.xcdatamodeld in Sources */ = {isa = PBXBuildFile; fileRef = 9CA0187E1D3652E200477466 /* unisportAPP.xcdatamodeld */; };
		9CA018821D3652E200477466 /* Assets.xcassets in Resources */ = {isa = PBXBuildFile; fileRef = 9CA018811D3652E200477466 /* Assets.xcassets */; };
		9CA018851D3652E200477466 /* LaunchScreen.storyboard in Resources */ = {isa = PBXBuildFile; fileRef = 9CA018831D3652E200477466 /* LaunchScreen.storyboard */; };
		9CA018901D3652E200477466 /* unisportAPPTests.swift in Sources */ = {isa = PBXBuildFile; fileRef = 9CA0188F1D3652E200477466 /* unisportAPPTests.swift */; };
		9CA0189B1D3652E200477466 /* unisportAPPUITests.swift in Sources */ = {isa = PBXBuildFile; fileRef = 9CA0189A1D3652E200477466 /* unisportAPPUITests.swift */; };
		9CB351E51D36E00B00BEC259 /* Alamofire.framework in Frameworks */ = {isa = PBXBuildFile; fileRef = 9CB351E41D36E00B00BEC259 /* Alamofire.framework */; };
/* End PBXBuildFile section */

/* Begin PBXContainerItemProxy section */
		9CA0188C1D3652E200477466 /* PBXContainerItemProxy */ = {
			isa = PBXContainerItemProxy;
			containerPortal = 9CA0186C1D3652E100477466 /* Project object */;
			proxyType = 1;
			remoteGlobalIDString = 9CA018731D3652E100477466;
			remoteInfo = unisportAPP;
		};
		9CA018971D3652E200477466 /* PBXContainerItemProxy */ = {
			isa = PBXContainerItemProxy;
			containerPortal = 9CA0186C1D3652E100477466 /* Project object */;
			proxyType = 1;
			remoteGlobalIDString = 9CA018731D3652E100477466;
			remoteInfo = unisportAPP;
		};
/* End PBXContainerItemProxy section */

/* Begin PBXFileReference section */
		49D9312A3B556D883B097499 /* Pods-unisportAPP.release.xcconfig */ = {isa = PBXFileReference; includeInIndex = 1; lastKnownFileType = text.xcconfig; name = "Pods-unisportAPP.release.xcconfig"; path = "Pods/Target Support Files/Pods-unisportAPP/Pods-unisportAPP.release.xcconfig"; sourceTree = "<group>"; };
		62F2E2F944893DA5ACF9ADCE /* Pods-unisportAPP.debug.xcconfig */ = {isa = PBXFileReference; includeInIndex = 1; lastKnownFileType = text.xcconfig; name = "Pods-unisportAPP.debug.xcconfig"; path = "Pods/Target Support Files/Pods-unisportAPP/Pods-unisportAPP.debug.xcconfig"; sourceTree = "<group>"; };
		6E44E5962E565C1353426F02 /* Pods_unisportAPP.framework */ = {isa = PBXFileReference; explicitFileType = wrapper.framework; includeInIndex = 0; path = Pods_unisportAPP.framework; sourceTree = BUILT_PRODUCTS_DIR; };
		9C462FD31D37BBD700DD0AF5 /* ProductViewController.swift */ = {isa = PBXFileReference; fileEncoding = 4; lastKnownFileType = sourcecode.swift; path = ProductViewController.swift; sourceTree = "<group>"; };
		9C4960C31D3660460048DC2C /* SwiftyJSON.framework */ = {isa = PBXFileReference; lastKnownFileType = wrapper.framework; name = SwiftyJSON.framework; path = "../../Library/Developer/Xcode/DerivedData/unisportAPP-crapzszahbdcpoazyxecsnhouoyn/Build/Products/Debug-iphonesimulator/SwiftyJSON.framework"; sourceTree = "<group>"; };
		9C4960C71D3677560048DC2C /* ShopTableViewController.swift */ = {isa = PBXFileReference; fileEncoding = 4; lastKnownFileType = sourcecode.swift; path = ShopTableViewController.swift; sourceTree = "<group>"; };
		9C4960C91D36779B0048DC2C /* ShopTableViewCell.swift */ = {isa = PBXFileReference; fileEncoding = 4; lastKnownFileType = sourcecode.swift; path = ShopTableViewCell.swift; sourceTree = "<group>"; };
		9CA018741D3652E100477466 /* unisportAPP.app */ = {isa = PBXFileReference; explicitFileType = wrapper.application; includeInIndex = 0; path = unisportAPP.app; sourceTree = BUILT_PRODUCTS_DIR; };
		9CA018771D3652E100477466 /* AppDelegate.swift */ = {isa = PBXFileReference; lastKnownFileType = sourcecode.swift; path = AppDelegate.swift; sourceTree = "<group>"; };
		9CA0187C1D3652E100477466 /* Base */ = {isa = PBXFileReference; lastKnownFileType = file.storyboard; name = Base; path = Base.lproj/Main.storyboard; sourceTree = "<group>"; };
		9CA0187F1D3652E200477466 /* unisportAPP.xcdatamodel */ = {isa = PBXFileReference; lastKnownFileType = wrapper.xcdatamodel; path = unisportAPP.xcdatamodel; sourceTree = "<group>"; };
		9CA018811D3652E200477466 /* Assets.xcassets */ = {isa = PBXFileReference; lastKnownFileType = folder.assetcatalog; path = Assets.xcassets; sourceTree = "<group>"; };
		9CA018841D3652E200477466 /* Base */ = {isa = PBXFileReference; lastKnownFileType = file.storyboard; name = Base; path = Base.lproj/LaunchScreen.storyboard; sourceTree = "<group>"; };
		9CA018861D3652E200477466 /* Info.plist */ = {isa = PBXFileReference; lastKnownFileType = text.plist.xml; path = Info.plist; sourceTree = "<group>"; };
		9CA0188B1D3652E200477466 /* unisportAPPTests.xctest */ = {isa = PBXFileReference; explicitFileType = wrapper.cfbundle; includeInIndex = 0; path = unisportAPPTests.xctest; sourceTree = BUILT_PRODUCTS_DIR; };
		9CA0188F1D3652E200477466 /* unisportAPPTests.swift */ = {isa = PBXFileReference; lastKnownFileType = sourcecode.swift; path = unisportAPPTests.swift; sourceTree = "<group>"; };
		9CA018911D3652E200477466 /* Info.plist */ = {isa = PBXFileReference; lastKnownFileType = text.plist.xml; path = Info.plist; sourceTree = "<group>"; };
		9CA018961D3652E200477466 /* unisportAPPUITests.xctest */ = {isa = PBXFileReference; explicitFileType = wrapper.cfbundle; includeInIndex = 0; path = unisportAPPUITests.xctest; sourceTree = BUILT_PRODUCTS_DIR; };
		9CA0189A1D3652E200477466 /* unisportAPPUITests.swift */ = {isa = PBXFileReference; lastKnownFileType = sourcecode.swift; path = unisportAPPUITests.swift; sourceTree = "<group>"; };
		9CA0189C1D3652E200477466 /* Info.plist */ = {isa = PBXFileReference; lastKnownFileType = text.plist.xml; path = Info.plist; sourceTree = "<group>"; };
		9CA018AA1D365ED500477466 /* Podfile */ = {isa = PBXFileReference; lastKnownFileType = text; path = Podfile; sourceTree = "<group>"; xcLanguageSpecificationIdentifier = xcode.lang.ruby; };
		9CB351E41D36E00B00BEC259 /* Alamofire.framework */ = {isa = PBXFileReference; lastKnownFileType = wrapper.framework; name = Alamofire.framework; path = "../../Library/Developer/Xcode/DerivedData/unisportAPP-crapzszahbdcpoazyxecsnhouoyn/Build/Products/Debug-iphonesimulator/Alamofire.framework"; sourceTree = "<group>"; };
/* End PBXFileReference section */

/* Begin PBXFrameworksBuildPhase section */
		9CA018711D3652E100477466 /* Frameworks */ = {
			isa = PBXFrameworksBuildPhase;
			buildActionMask = 2147483647;
			files = (
				9C4F00181D36E88C004E6F5D /* SwiftyJSON.framework in Frameworks */,
				9CB351E51D36E00B00BEC259 /* Alamofire.framework in Frameworks */,
				6731D63B32AE150390957CB5 /* Pods_unisportAPP.framework in Frameworks */,
			);
			runOnlyForDeploymentPostprocessing = 0;
		};
		9CA018881D3652E200477466 /* Frameworks */ = {
			isa = PBXFrameworksBuildPhase;
			buildActionMask = 2147483647;
			files = (
			);
			runOnlyForDeploymentPostprocessing = 0;
		};
		9CA018931D3652E200477466 /* Frameworks */ = {
			isa = PBXFrameworksBuildPhase;
			buildActionMask = 2147483647;
			files = (
			);
			runOnlyForDeploymentPostprocessing = 0;
		};
/* End PBXFrameworksBuildPhase section */

/* Begin PBXGroup section */
		4C5DD2D46FF8DA988D10F5B6 /* Pods */ = {
			isa = PBXGroup;
			children = (
				62F2E2F944893DA5ACF9ADCE /* Pods-unisportAPP.debug.xcconfig */,
				49D9312A3B556D883B097499 /* Pods-unisportAPP.release.xcconfig */,
			);
			name = Pods;
			sourceTree = "<group>";
		};
		98D63E261D98422A93A82B56 /* Frameworks */ = {
			isa = PBXGroup;
			children = (
				9CB351E41D36E00B00BEC259 /* Alamofire.framework */,
				9C4960C31D3660460048DC2C /* SwiftyJSON.framework */,
				6E44E5962E565C1353426F02 /* Pods_unisportAPP.framework */,
			);
			name = Frameworks;
			sourceTree = "<group>";
		};
		9CA0186B1D3652E100477466 = {
			isa = PBXGroup;
			children = (
				9CA018AA1D365ED500477466 /* Podfile */,
				9CA018761D3652E100477466 /* unisportAPP */,
				9CA0188E1D3652E200477466 /* unisportAPPTests */,
				9CA018991D3652E200477466 /* unisportAPPUITests */,
				9CA018751D3652E100477466 /* Products */,
				4C5DD2D46FF8DA988D10F5B6 /* Pods */,
				98D63E261D98422A93A82B56 /* Frameworks */,
			);
			sourceTree = "<group>";
		};
		9CA018751D3652E100477466 /* Products */ = {
			isa = PBXGroup;
			children = (
				9CA018741D3652E100477466 /* unisportAPP.app */,
				9CA0188B1D3652E200477466 /* unisportAPPTests.xctest */,
				9CA018961D3652E200477466 /* unisportAPPUITests.xctest */,
			);
			name = Products;
			sourceTree = "<group>";
		};
		9CA018761D3652E100477466 /* unisportAPP */ = {
			isa = PBXGroup;
			children = (
				9CA018771D3652E100477466 /* AppDelegate.swift */,
				9CA0187B1D3652E100477466 /* Main.storyboard */,
				9C462FD31D37BBD700DD0AF5 /* ProductViewController.swift */,
				9C4960C71D3677560048DC2C /* ShopTableViewController.swift */,
				9C4960C91D36779B0048DC2C /* ShopTableViewCell.swift */,
				9CA018811D3652E200477466 /* Assets.xcassets */,
				9CA018831D3652E200477466 /* LaunchScreen.storyboard */,
				9CA018861D3652E200477466 /* Info.plist */,
				9CA0187E1D3652E200477466 /* unisportAPP.xcdatamodeld */,
			);
			path = unisportAPP;
			sourceTree = "<group>";
		};
		9CA0188E1D3652E200477466 /* unisportAPPTests */ = {
			isa = PBXGroup;
			children = (
				9CA0188F1D3652E200477466 /* unisportAPPTests.swift */,
				9CA018911D3652E200477466 /* Info.plist */,
			);
			path = unisportAPPTests;
			sourceTree = "<group>";
		};
		9CA018991D3652E200477466 /* unisportAPPUITests */ = {
			isa = PBXGroup;
			children = (
				9CA0189A1D3652E200477466 /* unisportAPPUITests.swift */,
				9CA0189C1D3652E200477466 /* Info.plist */,
			);
			path = unisportAPPUITests;
			sourceTree = "<group>";
		};
/* End PBXGroup section */

/* Begin PBXNativeTarget section */
		9CA018731D3652E100477466 /* unisportAPP */ = {
			isa = PBXNativeTarget;
			buildConfigurationList = 9CA0189F1D3652E200477466 /* Build configuration list for PBXNativeTarget "unisportAPP" */;
			buildPhases = (
				C11A15280B8AB5113F67792E /* Check Pods Manifest.lock */,
				9CA018701D3652E100477466 /* Sources */,
				9CA018711D3652E100477466 /* Frameworks */,
				9CA018721D3652E100477466 /* Resources */,
				8B1A9E65B77F7FEE30D73BF4 /* Embed Pods Frameworks */,
				192DDFC21C425F0C411B0F78 /* Copy Pods Resources */,
			);
			buildRules = (
			);
			dependencies = (
			);
			name = unisportAPP;
			productName = unisportAPP;
			productReference = 9CA018741D3652E100477466 /* unisportAPP.app */;
			productType = "com.apple.product-type.application";
		};
		9CA0188A1D3652E200477466 /* unisportAPPTests */ = {
			isa = PBXNativeTarget;
			buildConfigurationList = 9CA018A21D3652E200477466 /* Build configuration list for PBXNativeTarget "unisportAPPTests" */;
			buildPhases = (
				9CA018871D3652E200477466 /* Sources */,
				9CA018881D3652E200477466 /* Frameworks */,
				9CA018891D3652E200477466 /* Resources */,
			);
			buildRules = (
			);
			dependencies = (
				9CA0188D1D3652E200477466 /* PBXTargetDependency */,
			);
			name = unisportAPPTests;
			productName = unisportAPPTests;
			productReference = 9CA0188B1D3652E200477466 /* unisportAPPTests.xctest */;
			productType = "com.apple.product-type.bundle.unit-test";
		};
		9CA018951D3652E200477466 /* unisportAPPUITests */ = {
			isa = PBXNativeTarget;
			buildConfigurationList = 9CA018A51D3652E200477466 /* Build configuration list for PBXNativeTarget "unisportAPPUITests" */;
			buildPhases = (
				9CA018921D3652E200477466 /* Sources */,
				9CA018931D3652E200477466 /* Frameworks */,
				9CA018941D3652E200477466 /* Resources */,
			);
			buildRules = (
			);
			dependencies = (
				9CA018981D3652E200477466 /* PBXTargetDependency */,
			);
			name = unisportAPPUITests;
			productName = unisportAPPUITests;
			productReference = 9CA018961D3652E200477466 /* unisportAPPUITests.xctest */;
			productType = "com.apple.product-type.bundle.ui-testing";
		};
/* End PBXNativeTarget section */

/* Begin PBXProject section */
		9CA0186C1D3652E100477466 /* Project object */ = {
			isa = PBXProject;
			attributes = {
				LastSwiftUpdateCheck = 0730;
				LastUpgradeCheck = 0730;
				ORGANIZATIONNAME = "Umoru Joseph";
				TargetAttributes = {
					9CA018731D3652E100477466 = {
						CreatedOnToolsVersion = 7.3.1;
					};
					9CA0188A1D3652E200477466 = {
						CreatedOnToolsVersion = 7.3.1;
						TestTargetID = 9CA018731D3652E100477466;
					};
					9CA018951D3652E200477466 = {
						CreatedOnToolsVersion = 7.3.1;
						TestTargetID = 9CA018731D3652E100477466;
					};
				};
			};
			buildConfigurationList = 9CA0186F1D3652E100477466 /* Build configuration list for PBXProject "unisportAPP" */;
			compatibilityVersion = "Xcode 3.2";
			developmentRegion = English;
			hasScannedForEncodings = 0;
			knownRegions = (
				en,
				Base,
			);
			mainGroup = 9CA0186B1D3652E100477466;
			productRefGroup = 9CA018751D3652E100477466 /* Products */;
			projectDirPath = "";
			projectRoot = "";
			targets = (
				9CA018731D3652E100477466 /* unisportAPP */,
				9CA0188A1D3652E200477466 /* unisportAPPTests */,
				9CA018951D3652E200477466 /* unisportAPPUITests */,
			);
		};
/* End PBXProject section */

/* Begin PBXResourcesBuildPhase section */
		9CA018721D3652E100477466 /* Resources */ = {
			isa = PBXResourcesBuildPhase;
			buildActionMask = 2147483647;
			files = (
				9CA018851D3652E200477466 /* LaunchScreen.storyboard in Resources */,
				9CA018821D3652E200477466 /* Assets.xcassets in Resources */,
				9CA0187D1D3652E100477466 /* Main.storyboard in Resources */,
			);
			runOnlyForDeploymentPostprocessing = 0;
		};
		9CA018891D3652E200477466 /* Resources */ = {
			isa = PBXResourcesBuildPhase;
			buildActionMask = 2147483647;
			files = (
			);
			runOnlyForDeploymentPostprocessing = 0;
		};
		9CA018941D3652E200477466 /* Resources */ = {
			isa = PBXResourcesBuildPhase;
			buildActionMask = 2147483647;
			files = (
			);
			runOnlyForDeploymentPostprocessing = 0;
		};
/* End PBXResourcesBuildPhase section */

/* Begin PBXShellScriptBuildPhase section */
		192DDFC21C425F0C411B0F78 /* Copy Pods Resources */ = {
			isa = PBXShellScriptBuildPhase;
			buildActionMask = 2147483647;
			files = (
			);
			inputPaths = (
			);
			name = "Copy Pods Resources";
			outputPaths = (
			);
			runOnlyForDeploymentPostprocessing = 0;
			shellPath = /bin/sh;
			shellScript = "\"${SRCROOT}/Pods/Target Support Files/Pods-unisportAPP/Pods-unisportAPP-resources.sh\"\n";
			showEnvVarsInLog = 0;
		};
		8B1A9E65B77F7FEE30D73BF4 /* Embed Pods Frameworks */ = {
			isa = PBXShellScriptBuildPhase;
			buildActionMask = 2147483647;
			files = (
			);
			inputPaths = (
			);
			name = "Embed Pods Frameworks";
			outputPaths = (
			);
			runOnlyForDeploymentPostprocessing = 0;
			shellPath = /bin/sh;
			shellScript = "\"${SRCROOT}/Pods/Target Support Files/Pods-unisportAPP/Pods-unisportAPP-frameworks.sh\"\n";
			showEnvVarsInLog = 0;
		};
		C11A15280B8AB5113F67792E /* Check Pods Manifest.lock */ = {
			isa = PBXShellScriptBuildPhase;
			buildActionMask = 2147483647;
			files = (
			);
			inputPaths = (
			);
			name = "Check Pods Manifest.lock";
			outputPaths = (
			);
			runOnlyForDeploymentPostprocessing = 0;
			shellPath = /bin/sh;
			shellScript = "diff \"${PODS_ROOT}/../Podfile.lock\" \"${PODS_ROOT}/Manifest.lock\" > /dev/null\nif [[ $? != 0 ]] ; then\n    cat << EOM\nerror: The sandbox is not in sync with the Podfile.lock. Run 'pod install' or update your CocoaPods installation.\nEOM\n    exit 1\nfi\n";
			showEnvVarsInLog = 0;
		};
/* End PBXShellScriptBuildPhase section */

/* Begin PBXSourcesBuildPhase section */
		9CA018701D3652E100477466 /* Sources */ = {
			isa = PBXSourcesBuildPhase;
			buildActionMask = 2147483647;
			files = (
				9C462FD41D37BBD700DD0AF5 /* ProductViewController.swift in Sources */,
				9C4960C81D3677560048DC2C /* ShopTableViewController.swift in Sources */,
				9C4960CA1D36779B0048DC2C /* ShopTableViewCell.swift in Sources */,
				9CA018781D3652E100477466 /* AppDelegate.swift in Sources */,
				9CA018801D3652E200477466 /* unisportAPP.xcdatamodeld in Sources */,
			);
			runOnlyForDeploymentPostprocessing = 0;
		};
		9CA018871D3652E200477466 /* Sources */ = {
			isa = PBXSourcesBuildPhase;
			buildActionMask = 2147483647;
			files = (
				9CA018901D3652E200477466 /* unisportAPPTests.swift in Sources */,
			);
			runOnlyForDeploymentPostprocessing = 0;
		};
		9CA018921D3652E200477466 /* Sources */ = {
			isa = PBXSourcesBuildPhase;
			buildActionMask = 2147483647;
			files = (
				9CA0189B1D3652E200477466 /* unisportAPPUITests.swift in Sources */,
			);
			runOnlyForDeploymentPostprocessing = 0;
		};
/* End PBXSourcesBuildPhase section */

/* Begin PBXTargetDependency section */
		9CA0188D1D3652E200477466 /* PBXTargetDependency */ = {
			isa = PBXTargetDependency;
			target = 9CA018731D3652E100477466 /* unisportAPP */;
			targetProxy = 9CA0188C1D3652E200477466 /* PBXContainerItemProxy */;
		};
		9CA018981D3652E200477466 /* PBXTargetDependency */ = {
			isa = PBXTargetDependency;
			target = 9CA018731D3652E100477466 /* unisportAPP */;
			targetProxy = 9CA018971D3652E200477466 /* PBXContainerItemProxy */;
		};
/* End PBXTargetDependency section */

/* Begin PBXVariantGroup section */
		9CA0187B1D3652E100477466 /* Main.storyboard */ = {
			isa = PBXVariantGroup;
			children = (
				9CA0187C1D3652E100477466 /* Base */,
			);
			name = Main.storyboard;
			sourceTree = "<group>";
		};
		9CA018831D3652E200477466 /* LaunchScreen.storyboard */ = {
			isa = PBXVariantGroup;
			children = (
				9CA018841D3652E200477466 /* Base */,
			);
			name = LaunchScreen.storyboard;
			sourceTree = "<group>";
		};
/* End PBXVariantGroup section */

/* Begin XCBuildConfiguration section */
		9CA0189D1D3652E200477466 /* Debug */ = {
			isa = XCBuildConfiguration;
			buildSettings = {
				ALWAYS_SEARCH_USER_PATHS = NO;
				CLANG_ANALYZER_NONNULL = YES;
				CLANG_CXX_LANGUAGE_STANDARD = "gnu++0x";
				CLANG_CXX_LIBRARY = "libc++";
				CLANG_ENABLE_MODULES = YES;
				CLANG_ENABLE_OBJC_ARC = YES;
				CLANG_WARN_BOOL_CONVERSION = YES;
				CLANG_WARN_CONSTANT_CONVERSION = YES;
				CLANG_WARN_DIRECT_OBJC_ISA_USAGE = YES_ERROR;
				CLANG_WARN_EMPTY_BODY = YES;
				CLANG_WARN_ENUM_CONVERSION = YES;
				CLANG_WARN_INT_CONVERSION = YES;
				CLANG_WARN_OBJC_ROOT_CLASS = YES_ERROR;
				CLANG_WARN_UNREACHABLE_CODE = YES;
				CLANG_WARN__DUPLICATE_METHOD_MATCH = YES;
				"CODE_SIGN_IDENTITY[sdk=iphoneos*]" = "iPhone Developer";
				COPY_PHASE_STRIP = NO;
				DEBUG_INFORMATION_FORMAT = dwarf;
				ENABLE_STRICT_OBJC_MSGSEND = YES;
				ENABLE_TESTABILITY = YES;
				GCC_C_LANGUAGE_STANDARD = gnu99;
				GCC_DYNAMIC_NO_PIC = NO;
				GCC_NO_COMMON_BLOCKS = YES;
				GCC_OPTIMIZATION_LEVEL = 0;
				GCC_PREPROCESSOR_DEFINITIONS = (
					"DEBUG=1",
					"$(inherited)",
				);
				GCC_WARN_64_TO_32_BIT_CONVERSION = YES;
				GCC_WARN_ABOUT_RETURN_TYPE = YES_ERROR;
				GCC_WARN_UNDECLARED_SELECTOR = YES;
				GCC_WARN_UNINITIALIZED_AUTOS = YES_AGGRESSIVE;
				GCC_WARN_UNUSED_FUNCTION = YES;
				GCC_WARN_UNUSED_VARIABLE = YES;
				IPHONEOS_DEPLOYMENT_TARGET = 9.3;
				MTL_ENABLE_DEBUG_INFO = YES;
				ONLY_ACTIVE_ARCH = YES;
				SDKROOT = iphoneos;
				SWIFT_OPTIMIZATION_LEVEL = "-Onone";
				TARGETED_DEVICE_FAMILY = 2;
			};
			name = Debug;
		};
		9CA0189E1D3652E200477466 /* Release */ = {
			isa = XCBuildConfiguration;
			buildSettings = {
				ALWAYS_SEARCH_USER_PATHS = NO;
				CLANG_ANALYZER_NONNULL = YES;
				CLANG_CXX_LANGUAGE_STANDARD = "gnu++0x";
				CLANG_CXX_LIBRARY = "libc++";
				CLANG_ENABLE_MODULES = YES;
				CLANG_ENABLE_OBJC_ARC = YES;
				CLANG_WARN_BOOL_CONVERSION = YES;
				CLANG_WARN_CONSTANT_CONVERSION = YES;
				CLANG_WARN_DIRECT_OBJC_ISA_USAGE = YES_ERROR;
				CLANG_WARN_EMPTY_BODY = YES;
				CLANG_WARN_ENUM_CONVERSION = YES;
				CLANG_WARN_INT_CONVERSION = YES;
				CLANG_WARN_OBJC_ROOT_CLASS = YES_ERROR;
				CLANG_WARN_UNREACHABLE_CODE = YES;
				CLANG_WARN__DUPLICATE_METHOD_MATCH = YES;
				"CODE_SIGN_IDENTITY[sdk=iphoneos*]" = "iPhone Developer";
				COPY_PHASE_STRIP = NO;
				DEBUG_INFORMATION_FORMAT = "dwarf-with-dsym";
				ENABLE_NS_ASSERTIONS = NO;
				ENABLE_STRICT_OBJC_MSGSEND = YES;
				GCC_C_LANGUAGE_STANDARD = gnu99;
				GCC_NO_COMMON_BLOCKS = YES;
				GCC_WARN_64_TO_32_BIT_CONVERSION = YES;
				GCC_WARN_ABOUT_RETURN_TYPE = YES_ERROR;
				GCC_WARN_UNDECLARED_SELECTOR = YES;
				GCC_WARN_UNINITIALIZED_AUTOS = YES_AGGRESSIVE;
				GCC_WARN_UNUSED_FUNCTION = YES;
				GCC_WARN_UNUSED_VARIABLE = YES;
				IPHONEOS_DEPLOYMENT_TARGET = 9.3;
				MTL_ENABLE_DEBUG_INFO = NO;
				SDKROOT = iphoneos;
				TARGETED_DEVICE_FAMILY = 2;
				VALIDATE_PRODUCT = YES;
			};
			name = Release;
		};
		9CA018A01D3652E200477466 /* Debug */ = {
			isa = XCBuildConfiguration;
			baseConfigurationReference = 62F2E2F944893DA5ACF9ADCE /* Pods-unisportAPP.debug.xcconfig */;
			buildSettings = {
				ASSETCATALOG_COMPILER_APPICON_NAME = AppIcon;
				INFOPLIST_FILE = unisportAPP/Info.plist;
				LD_RUNPATH_SEARCH_PATHS = "$(inherited) @executable_path/Frameworks";
				PRODUCT_BUNDLE_IDENTIFIER = net.umorujoseph.unisportAPP;
				PRODUCT_NAME = "$(TARGET_NAME)";
				TARGETED_DEVICE_FAMILY = 2;
			};
			name = Debug;
		};
		9CA018A11D3652E200477466 /* Release */ = {
			isa = XCBuildConfiguration;
			baseConfigurationReference = 49D9312A3B556D883B097499 /* Pods-unisportAPP.release.xcconfig */;
			buildSettings = {
				ASSETCATALOG_COMPILER_APPICON_NAME = AppIcon;
				INFOPLIST_FILE = unisportAPP/Info.plist;
				LD_RUNPATH_SEARCH_PATHS = "$(inherited) @executable_path/Frameworks";
				PRODUCT_BUNDLE_IDENTIFIER = net.umorujoseph.unisportAPP;
				PRODUCT_NAME = "$(TARGET_NAME)";
				TARGETED_DEVICE_FAMILY = 2;
			};
			name = Release;
		};
		9CA018A31D3652E200477466 /* Debug */ = {
			isa = XCBuildConfiguration;
			buildSettings = {
				BUNDLE_LOADER = "$(TEST_HOST)";
				INFOPLIST_FILE = unisportAPPTests/Info.plist;
				LD_RUNPATH_SEARCH_PATHS = "$(inherited) @executable_path/Frameworks @loader_path/Frameworks";
				PRODUCT_BUNDLE_IDENTIFIER = net.umorujoseph.unisportAPPTests;
				PRODUCT_NAME = "$(TARGET_NAME)";
				TEST_HOST = "$(BUILT_PRODUCTS_DIR)/unisportAPP.app/unisportAPP";
			};
			name = Debug;
		};
		9CA018A41D3652E200477466 /* Release */ = {
			isa = XCBuildConfiguration;
			buildSettings = {
				BUNDLE_LOADER = "$(TEST_HOST)";
				INFOPLIST_FILE = unisportAPPTests/Info.plist;
				LD_RUNPATH_SEARCH_PATHS = "$(inherited) @executable_path/Frameworks @loader_path/Frameworks";
				PRODUCT_BUNDLE_IDENTIFIER = net.umorujoseph.unisportAPPTests;
				PRODUCT_NAME = "$(TARGET_NAME)";
				TEST_HOST = "$(BUILT_PRODUCTS_DIR)/unisportAPP.app/unisportAPP";
			};
			name = Release;
		};
		9CA018A61D3652E200477466 /* Debug */ = {
			isa = XCBuildConfiguration;
			buildSettings = {
				INFOPLIST_FILE = unisportAPPUITests/Info.plist;
				LD_RUNPATH_SEARCH_PATHS = "$(inherited) @executable_path/Frameworks @loader_path/Frameworks";
				PRODUCT_BUNDLE_IDENTIFIER = net.umorujoseph.unisportAPPUITests;
				PRODUCT_NAME = "$(TARGET_NAME)";
				TEST_TARGET_NAME = unisportAPP;
			};
			name = Debug;
		};
		9CA018A71D3652E200477466 /* Release */ = {
			isa = XCBuildConfiguration;
			buildSettings = {
				INFOPLIST_FILE = unisportAPPUITests/Info.plist;
				LD_RUNPATH_SEARCH_PATHS = "$(inherited) @executable_path/Frameworks @loader_path/Frameworks";
				PRODUCT_BUNDLE_IDENTIFIER = net.umorujoseph.unisportAPPUITests;
				PRODUCT_NAME = "$(TARGET_NAME)";
				TEST_TARGET_NAME = unisportAPP;
			};
			name = Release;
		};
/* End XCBuildConfiguration section */

/* Begin XCConfigurationList section */
		9CA0186F1D3652E100477466 /* Build configuration list for PBXProject "unisportAPP" */ = {
			isa = XCConfigurationList;
			buildConfigurations = (
				9CA0189D1D3652E200477466 /* Debug */,
				9CA0189E1D3652E200477466 /* Release */,
			);
			defaultConfigurationIsVisible = 0;
			defaultConfigurationName = Release;
		};
		9CA0189F1D3652E200477466 /* Build configuration list for PBXNativeTarget "unisportAPP" */ = {
			isa = XCConfigurationList;
			buildConfigurations = (
				9CA018A01D3652E200477466 /* Debug */,
				9CA018A11D3652E200477466 /* Release */,
			);
			defaultConfigurationIsVisible = 0;
			defaultConfigurationName = Release;
		};
		9CA018A21D3652E200477466 /* Build configuration list for PBXNativeTarget "unisportAPPTests" */ = {
			isa = XCConfigurationList;
			buildConfigurations = (
				9CA018A31D3652E200477466 /* Debug */,
				9CA018A41D3652E200477466 /* Release */,
			);
			defaultConfigurationIsVisible = 0;
			defaultConfigurationName = Release;
		};
		9CA018A51D3652E200477466 /* Build configuration list for PBXNativeTarget "unisportAPPUITests" */ = {
			isa = XCConfigurationList;
			buildConfigurations = (
				9CA018A61D3652E200477466 /* Debug */,
				9CA018A71D3652E200477466 /* Release */,
			);
			defaultConfigurationIsVisible = 0;
			defaultConfigurationName = Release;
		};
/* End XCConfigurationList section */

/* Begin XCVersionGroup section */
		9CA0187E1D3652E200477466 /* unisportAPP.xcdatamodeld */ = {
			isa = XCVersionGroup;
			children = (
				9CA0187F1D3652E200477466 /* unisportAPP.xcdatamodel */,
			);
			currentVersion = 9CA0187F1D3652E200477466 /* unisportAPP.xcdatamodel */;
			path = unisportAPP.xcdatamodeld;
			sourceTree = "<group>";
			versionGroupType = wrapper.xcdatamodel;
		};
/* End XCVersionGroup section */
	};
	rootObject = 9CA0186C1D3652E100477466 /* Project object */;
}
